
Microsoft Visual Studio Solution File, Format Version 12.00
# Visual Studio Version 16
VisualStudioVersion = 16.0.31019.35
MinimumVisualStudioVersion = 10.0.40219.1
Project("{2150E333-8FDC-42A3-9474-1A3956D46DE8}") = "Services", "Services", "{9B609FC7-6EA7-434B-B7B1-542A555CD847}"
EndProject
Project("{E53339B2-1760-4266-BCC7-CA923CBCF16C}") = "docker-compose", "docker-compose.dcproj", "{533C70EE-C778-4E24-801D-9D58B53A8BE2}"
EndProject
Project("{9A19103F-16F7-4668-BE54-9A1E7A4F7556}") = "TestApi", "src\Services\TestApi\TestApi.csproj", "{7D0A68E4-09F7-47DF-98B9-3A88A4351523}"
EndProject
Global
	GlobalSection(SolutionConfigurationPlatforms) = preSolution
		Debug|Any CPU = Debug|Any CPU
		Release|Any CPU = Release|Any CPU
	EndGlobalSection
	GlobalSection(ProjectConfigurationPlatforms) = postSolution
		{533C70EE-C778-4E24-801D-9D58B53A8BE2}.Debug|Any CPU.ActiveCfg = Debug|Any CPU
		{533C70EE-C778-4E24-801D-9D58B53A8BE2}.Debug|Any CPU.Build.0 = Debug|Any CPU
		{533C70EE-C778-4E24-801D-9D58B53A8BE2}.Release|Any CPU.ActiveCfg = Release|Any CPU
		{533C70EE-C778-4E24-801D-9D58B53A8BE2}.Release|Any CPU.Build.0 = Release|Any CPU
		{7D0A68E4-09F7-47DF-98B9-3A88A4351523}.Debug|Any CPU.ActiveCfg = Debug|Any CPU
		{7D0A68E4-09F7-47DF-98B9-3A88A4351523}.Debug|Any CPU.Build.0 = Debug|Any CPU
		{7D0A68E4-09F7-47DF-98B9-3A88A4351523}.Release|Any CPU.ActiveCfg = Release|Any CPU
		{7D0A68E4-09F7-47DF-98B9-3A88A4351523}.Release|Any CPU.Build.0 = Release|Any CPU
	EndGlobalSection
	GlobalSection(SolutionProperties) = preSolution
		HideSolutionNode = FALSE
	EndGlobalSection
	GlobalSection(NestedProjects) = preSolution
		{7D0A68E4-09F7-47DF-98B9-3A88A4351523} = {9B609FC7-6EA7-434B-B7B1-542A555CD847}
	EndGlobalSection
	GlobalSection(ExtensibilityGlobals) = postSolution
		SolutionGuid = {0228C356-0C88-4581-ABDD-006D0AC020FB}
	EndGlobalSection
EndGlobal
